
Microsoft Visual Studio Solution File, Format Version 12.00
# Visual Studio Version 17
VisualStudioVersion = 17.10.35027.167
MinimumVisualStudioVersion = 10.0.40219.1
Project("{8BC9CEB8-8B4A-11D0-8D11-00A0C91BC942}") = "生产者_分解者模型", "生产者_分解者模型.vcxproj", "{F9344999-0BA0-4F56-9D7D-A273C50E6FAD}"
EndProject
Global
	GlobalSection(SolutionConfigurationPlatforms) = preSolution
		Debug|x64 = Debug|x64
		Debug|x86 = Debug|x86
		Release|x64 = Release|x64
		Release|x86 = Release|x86
	EndGlobalSection
	GlobalSection(ProjectConfigurationPlatforms) = postSolution
		{F9344999-0BA0-4F56-9D7D-A273C50E6FAD}.Debug|x64.ActiveCfg = Debug|x64
		{F9344999-0BA0-4F56-9D7D-A273C50E6FAD}.Debug|x64.Build.0 = Debug|x64
		{F9344999-0BA0-4F56-9D7D-A273C50E6FAD}.Debug|x86.ActiveCfg = Debug|Win32
		{F9344999-0BA0-4F56-9D7D-A273C50E6FAD}.Debug|x86.Build.0 = Debug|Win32
		{F9344999-0BA0-4F56-9D7D-A273C50E6FAD}.Release|x64.ActiveCfg = Release|x64
		{F9344999-0BA0-4F56-9D7D-A273C50E6FAD}.Release|x64.Build.0 = Release|x64
		{F9344999-0BA0-4F56-9D7D-A273C50E6FAD}.Release|x86.ActiveCfg = Release|Win32
		{F9344999-0BA0-4F56-9D7D-A273C50E6FAD}.Release|x86.Build.0 = Release|Win32
	EndGlobalSection
	GlobalSection(SolutionProperties) = preSolution
		HideSolutionNode = FALSE
	EndGlobalSection
	GlobalSection(ExtensibilityGlobals) = postSolution
		SolutionGuid = {7F9C4BA2-3340-44FA-92C2-C778E06CDA19}
	EndGlobalSection
EndGlobal
